
Microsoft Visual Studio Solution File, Format Version 12.00
# Visual Studio Version 17
VisualStudioVersion = 17.7.34202.233
MinimumVisualStudioVersion = 10.0.40219.1
Project("{FAE04EC0-301F-11D3-BF4B-00C04F79EFBC}") = "WinFormsCryptoApp", "WinFormsCryptoApp.csproj", "{46189FA7-3924-448B-95C4-067F1D35BF6F}"
EndProject
Global
	GlobalSection(SolutionConfigurationPlatforms) = preSolution
		Debug|Any CPU = Debug|Any CPU
		Release|Any CPU = Release|Any CPU
	EndGlobalSection
	GlobalSection(ProjectConfigurationPlatforms) = postSolution
		{46189FA7-3924-448B-95C4-067F1D35BF6F}.Debug|Any CPU.ActiveCfg = Debug|Any CPU
		{46189FA7-3924-448B-95C4-067F1D35BF6F}.Debug|Any CPU.Build.0 = Debug|Any CPU
		{46189FA7-3924-448B-95C4-067F1D35BF6F}.Release|Any CPU.ActiveCfg = Release|Any CPU
		{46189FA7-3924-448B-95C4-067F1D35BF6F}.Release|Any CPU.Build.0 = Release|Any CPU
	EndGlobalSection
	GlobalSection(SolutionProperties) = preSolution
		HideSolutionNode = FALSE
	EndGlobalSection
	GlobalSection(ExtensibilityGlobals) = postSolution
		SolutionGuid = {69377B64-F8AF-4CCC-BD8C-FFE16E1B97BF}
	EndGlobalSection
EndGlobal
